
Microsoft Visual Studio Solution File, Format Version 12.00
# Visual Studio Version 16
VisualStudioVersion = 16.0.32901.82
MinimumVisualStudioVersion = 10.0.40219.1
Project("{FAE04EC0-301F-11D3-BF4B-00C04F79EFBC}") = "Git Brash", "Git Brash\Git Brash.csproj", "{F4C561E4-024C-42DC-8A15-9E47992EAA4E}"
EndProject
Global
	GlobalSection(SolutionConfigurationPlatforms) = preSolution
		Debug|Any CPU = Debug|Any CPU
		Release|Any CPU = Release|Any CPU
	EndGlobalSection
	GlobalSection(ProjectConfigurationPlatforms) = postSolution
		{F4C561E4-024C-42DC-8A15-9E47992EAA4E}.Debug|Any CPU.ActiveCfg = Debug|Any CPU
		{F4C561E4-024C-42DC-8A15-9E47992EAA4E}.Debug|Any CPU.Build.0 = Debug|Any CPU
		{F4C561E4-024C-42DC-8A15-9E47992EAA4E}.Release|Any CPU.ActiveCfg = Release|Any CPU
		{F4C561E4-024C-42DC-8A15-9E47992EAA4E}.Release|Any CPU.Build.0 = Release|Any CPU
	EndGlobalSection
	GlobalSection(SolutionProperties) = preSolution
		HideSolutionNode = FALSE
	EndGlobalSection
	GlobalSection(ExtensibilityGlobals) = postSolution
		SolutionGuid = {96696040-C14E-4CE5-BDEF-8EC9091FBE80}
	EndGlobalSection
EndGlobal
